#MicroXplorer Configuration settings - do not modify
ADC1.CommonPathInternal=null|null|null|null
ADC1.EnableInjectedConversion=ENABLE
ADC1.EnableRegularConversion=DISABLE
ADC1.ExternalTrigInjecConv=ADC_EXTERNALTRIGINJEC_HRTIM_TRG2
ADC1.IPParameters=Mode,EnableRegularConversion,EnableInjectedConversion,InjNumberOfConversion,InjectedRank-1\#ChannelInjectedConversion,InjectedChannel-1\#ChannelInjectedConversion,InjectedSamplingTime-1\#ChannelInjectedConversion,InjectedOffsetNumber-1\#ChannelInjectedConversion,InjectedRank-2\#ChannelInjectedConversion,InjectedChannel-2\#ChannelInjectedConversion,InjectedSamplingTime-2\#ChannelInjectedConversion,InjectedOffsetNumber-2\#ChannelInjectedConversion,master,ExternalTrigInjecConv,CommonPathInternal
ADC1.InjNumberOfConversion=2
ADC1.InjectedChannel-1\#ChannelInjectedConversion=ADC_CHANNEL_3
ADC1.InjectedChannel-2\#ChannelInjectedConversion=ADC_CHANNEL_4
ADC1.InjectedOffsetNumber-1\#ChannelInjectedConversion=ADC_OFFSET_NONE
ADC1.InjectedOffsetNumber-2\#ChannelInjectedConversion=ADC_OFFSET_NONE
ADC1.InjectedRank-1\#ChannelInjectedConversion=1
ADC1.InjectedRank-2\#ChannelInjectedConversion=2
ADC1.InjectedSamplingTime-1\#ChannelInjectedConversion=ADC_SAMPLETIME_640CYCLES_5
ADC1.InjectedSamplingTime-2\#ChannelInjectedConversion=ADC_SAMPLETIME_640CYCLES_5
ADC1.Mode=ADC_DUALMODE_INJECSIMULT
ADC1.master=1
ADC2.CommonPathInternal=null|null|null|null
ADC2.EnableInjectedConversion=ENABLE
ADC2.EnableRegularConversion=DISABLE
ADC2.IPParameters=Mode,EnableRegularConversion,EnableInjectedConversion,InjectedRank-7\#ChannelInjectedConversion,InjectedChannel-7\#ChannelInjectedConversion,Rank1_Channel,InjectedSamplingTime-7\#ChannelInjectedConversion,InjectedOffsetNumber-7\#ChannelInjectedConversion,InjectedRank-8\#ChannelInjectedConversion,InjectedChannel-8\#ChannelInjectedConversion,Rank2_Channel,InjectedSamplingTime-8\#ChannelInjectedConversion,InjectedOffsetNumber-8\#ChannelInjectedConversion,InjNumberOfConversion,CommonPathInternal
ADC2.InjNumberOfConversion=2
ADC2.InjectedChannel-7\#ChannelInjectedConversion=ADC_CHANNEL_3
ADC2.InjectedChannel-8\#ChannelInjectedConversion=ADC_CHANNEL_4
ADC2.InjectedOffsetNumber-7\#ChannelInjectedConversion=ADC_OFFSET_NONE
ADC2.InjectedOffsetNumber-8\#ChannelInjectedConversion=ADC_OFFSET_NONE
ADC2.InjectedRank-7\#ChannelInjectedConversion=1
ADC2.InjectedRank-8\#ChannelInjectedConversion=2
ADC2.InjectedSamplingTime-7\#ChannelInjectedConversion=ADC_SAMPLETIME_640CYCLES_5
ADC2.InjectedSamplingTime-8\#ChannelInjectedConversion=ADC_SAMPLETIME_640CYCLES_5
ADC2.Mode=ADC_DUALMODE_INJECSIMULT
ADC2.Rank1_Channel=ADC_CHANNEL_3
ADC2.Rank2_Channel=ADC_CHANNEL_4
ADC3.Channel-0\#ChannelRegularConversion=ADC_CHANNEL_12
ADC3.CommonPathInternal=null|null|null|null
ADC3.IPParameters=Rank-0\#ChannelRegularConversion,Channel-0\#ChannelRegularConversion,SamplingTime-0\#ChannelRegularConversion,OffsetNumber-0\#ChannelRegularConversion,NbrOfConversionFlag,master,CommonPathInternal
ADC3.NbrOfConversionFlag=1
ADC3.OffsetNumber-0\#ChannelRegularConversion=ADC_OFFSET_NONE
ADC3.Rank-0\#ChannelRegularConversion=1
ADC3.SamplingTime-0\#ChannelRegularConversion=ADC_SAMPLETIME_640CYCLES_5
ADC3.master=1
BSP_IP_NAME=NUCLEO-G474RE
CAD.formats=[]
CAD.pinconfig=Dual
CAD.provider=Component Search Engine
Dma.HRTIM1_A.0.Direction=DMA_MEMORY_TO_PERIPH
Dma.HRTIM1_A.0.EventEnable=DISABLE
Dma.HRTIM1_A.0.Instance=DMA1_Channel1
Dma.HRTIM1_A.0.MemDataAlignment=DMA_MDATAALIGN_WORD
Dma.HRTIM1_A.0.MemInc=DMA_MINC_ENABLE
Dma.HRTIM1_A.0.Mode=DMA_CIRCULAR
Dma.HRTIM1_A.0.PeriphDataAlignment=DMA_PDATAALIGN_WORD
Dma.HRTIM1_A.0.PeriphInc=DMA_PINC_DISABLE
Dma.HRTIM1_A.0.Polarity=HAL_DMAMUX_REQ_GEN_RISING
Dma.HRTIM1_A.0.Priority=DMA_PRIORITY_LOW
Dma.HRTIM1_A.0.RequestNumber=1
Dma.HRTIM1_A.0.RequestParameters=Instance,Direction,PeriphInc,MemInc,PeriphDataAlignment,MemDataAlignment,Mode,Priority,SignalID,Polarity,RequestNumber,SyncSignalID,SyncPolarity,SyncEnable,EventEnable,SyncRequestNumber
Dma.HRTIM1_A.0.SignalID=NONE
Dma.HRTIM1_A.0.SyncEnable=DISABLE
Dma.HRTIM1_A.0.SyncPolarity=HAL_DMAMUX_SYNC_NO_EVENT
Dma.HRTIM1_A.0.SyncRequestNumber=1
Dma.HRTIM1_A.0.SyncSignalID=NONE
Dma.HRTIM1_C.1.Direction=DMA_MEMORY_TO_PERIPH
Dma.HRTIM1_C.1.EventEnable=DISABLE
Dma.HRTIM1_C.1.Instance=DMA1_Channel3
Dma.HRTIM1_C.1.MemDataAlignment=DMA_MDATAALIGN_WORD
Dma.HRTIM1_C.1.MemInc=DMA_MINC_ENABLE
Dma.HRTIM1_C.1.Mode=DMA_CIRCULAR
Dma.HRTIM1_C.1.PeriphDataAlignment=DMA_PDATAALIGN_WORD
Dma.HRTIM1_C.1.PeriphInc=DMA_PINC_DISABLE
Dma.HRTIM1_C.1.Polarity=HAL_DMAMUX_REQ_GEN_RISING
Dma.HRTIM1_C.1.Priority=DMA_PRIORITY_LOW
Dma.HRTIM1_C.1.RequestNumber=1
Dma.HRTIM1_C.1.RequestParameters=Instance,Direction,PeriphInc,MemInc,PeriphDataAlignment,MemDataAlignment,Mode,Priority,SignalID,Polarity,RequestNumber,SyncSignalID,SyncPolarity,SyncEnable,EventEnable,SyncRequestNumber
Dma.HRTIM1_C.1.SignalID=NONE
Dma.HRTIM1_C.1.SyncEnable=DISABLE
Dma.HRTIM1_C.1.SyncPolarity=HAL_DMAMUX_SYNC_NO_EVENT
Dma.HRTIM1_C.1.SyncRequestNumber=1
Dma.HRTIM1_C.1.SyncSignalID=NONE
Dma.HRTIM1_D.2.Direction=DMA_MEMORY_TO_PERIPH
Dma.HRTIM1_D.2.EventEnable=DISABLE
Dma.HRTIM1_D.2.Instance=DMA1_Channel2
Dma.HRTIM1_D.2.MemDataAlignment=DMA_MDATAALIGN_WORD
Dma.HRTIM1_D.2.MemInc=DMA_MINC_ENABLE
Dma.HRTIM1_D.2.Mode=DMA_CIRCULAR
Dma.HRTIM1_D.2.PeriphDataAlignment=DMA_PDATAALIGN_WORD
Dma.HRTIM1_D.2.PeriphInc=DMA_PINC_DISABLE
Dma.HRTIM1_D.2.Polarity=HAL_DMAMUX_REQ_GEN_RISING
Dma.HRTIM1_D.2.Priority=DMA_PRIORITY_LOW
Dma.HRTIM1_D.2.RequestNumber=1
Dma.HRTIM1_D.2.RequestParameters=Instance,Direction,PeriphInc,MemInc,PeriphDataAlignment,MemDataAlignment,Mode,Priority,SignalID,Polarity,RequestNumber,SyncSignalID,SyncPolarity,SyncEnable,EventEnable,SyncRequestNumber
Dma.HRTIM1_D.2.SignalID=NONE
Dma.HRTIM1_D.2.SyncEnable=DISABLE
Dma.HRTIM1_D.2.SyncPolarity=HAL_DMAMUX_SYNC_NO_EVENT
Dma.HRTIM1_D.2.SyncRequestNumber=1
Dma.HRTIM1_D.2.SyncSignalID=NONE
Dma.Request0=HRTIM1_A
Dma.Request1=HRTIM1_C
Dma.Request2=HRTIM1_D
Dma.RequestsNb=3
File.Version=6
GPIO.groupedBy=Group By Peripherals
HRTIM1.ADCTrigger2_Source1=HRTIM_ADCTRIGGEREVENT24_MASTER_PERIOD
HRTIM1.ADCTrigger_Id1=__NULL
HRTIM1.ADCTrigger_Id2=HRTIM_ADCTRIGGER_2
HRTIM1.BlankingSourceFaultLine3=__NULL
HRTIM1.BurstDMAconfig-Output_TA1TA2=__NULL
HRTIM1.BurstDMAconfig-Output_TC1TC2=__NULL
HRTIM1.BurstDMAconfig-Output_TD1TD2=__NULL
HRTIM1.CompareUnit1-MasterTimer=HRTIM_COMPAREUNIT_1
HRTIM1.CompareUnit1-Output_TA1TA2=HRTIM_COMPAREUNIT_1
HRTIM1.CompareUnit1-Output_TC1TC2=HRTIM_COMPAREUNIT_1
HRTIM1.CompareUnit1-Output_TD1TD2=HRTIM_COMPAREUNIT_1
HRTIM1.CompareUnit2-MasterTimer=__NULL
HRTIM1.CompareUnit2-Output_TD1TD2=__NULL
HRTIM1.CompareUnit3-Output_TD1TD2=__NULL
HRTIM1.CompareValue1-MasterTimer=4250
HRTIM1.CompareValue1-Output_TA1TA2=2125
HRTIM1.CompareValue1-Output_TC1TC2=2125
HRTIM1.CompareValue1-Output_TD1TD2=2125
HRTIM1.CounterFaultLine3=8
HRTIM1.DMADstAddress-Output_TA1TA2=0
HRTIM1.DMADstAddress-Output_TC1TC2=0
HRTIM1.DMADstAddress-Output_TD1TD2=0
HRTIM1.DMARequests1-Output_TA1TA2=HRTIM_TIM_DMA_UPD
HRTIM1.DMARequests1-Output_TC1TC2=HRTIM_TIM_DMA_UPD
HRTIM1.DMARequests1-Output_TD1TD2=HRTIM_TIM_DMA_UPD
HRTIM1.DMASize-Output_TA1TA2=1
HRTIM1.DMASize-Output_TC1TC2=1
HRTIM1.DMASize-Output_TD1TD2=1
HRTIM1.DMASrcAddress-Output_TA1TA2=0
HRTIM1.DMASrcAddress-Output_TC1TC2=0
HRTIM1.DMASrcAddress-Output_TD1TD2=0
HRTIM1.DeadTimeInsertion-Output_TA1TA2=HRTIM_TIMDEADTIMEINSERTION_ENABLED
HRTIM1.DeadTimeInsertion-Output_TC1TC2=HRTIM_TIMDEADTIMEINSERTION_ENABLED
HRTIM1.DeadTimeInsertion-Output_TD1TD2=HRTIM_TIMDEADTIMEINSERTION_ENABLED
HRTIM1.Deadtimeconfig-Output_TA1TA2=HRTIM_TIMERINDEX_TIMER_A
HRTIM1.Deadtimeconfig-Output_TC1TC2=HRTIM_TIMERINDEX_TIMER_C
HRTIM1.Deadtimeconfig-Output_TD1TD2=HRTIM_TIMERINDEX_TIMER_D
HRTIM1.EnableCalibration=NoDLLCalibration
HRTIM1.Event_EEV1=__NULL
HRTIM1.FallingValue-Output_TA1TA2=200
HRTIM1.FallingValue-Output_TC1TC2=200
HRTIM1.FallingValue-Output_TD1TD2=200
HRTIM1.FaultEnable_Source1-Output_TA1TA2=HRTIM_TIMFAULTENABLE_FAULT3
HRTIM1.FaultEnable_Source1-Output_TC1TC2=HRTIM_TIMFAULTENABLE_FAULT3
HRTIM1.FaultEnable_Source1-Output_TD1TD2=HRTIM_TIMFAULTENABLE_FAULT3
HRTIM1.FaultLevel1-Output_TA1TA2=HRTIM_OUTPUTFAULTLEVEL_INACTIVE
HRTIM1.FaultLevel1-Output_TC1TC2=HRTIM_OUTPUTFAULTLEVEL_INACTIVE
HRTIM1.FaultLevel1-Output_TD1TD2=HRTIM_OUTPUTFAULTLEVEL_INACTIVE
HRTIM1.FaultLevel2-Output_TA1TA2=HRTIM_OUTPUTFAULTLEVEL_INACTIVE
HRTIM1.FaultLevel2-Output_TC1TC2=HRTIM_OUTPUTFAULTLEVEL_INACTIVE
HRTIM1.FaultLevel2-Output_TD1TD2=HRTIM_OUTPUTFAULTLEVEL_INACTIVE
HRTIM1.Fault_Line1=__NULL
HRTIM1.Filter_FaultLine3=HRTIM_FAULTFILTER_15
HRTIM1.IPParameters=PrescalerRatio_TA,UpDownMode-Output_TA1TA2,PrescalerRatio_TC,PrescalerRatio_TD,Periode_TA,Periode_TC,Periode_TD,UpDownMode-Output_TC1TC2,UpDownMode-Output_TD1TD2,Polarity2-Output_TA1TA2,Polarity2-Output_TC1TC2,Polarity2-Output_TD1TD2,PreloadEnable-Output_TD1TD2,PreloadEnable-Output_TC1TC2,PreloadEnable-Output_TA1TA2,NumberUpdateTrigger-Output_TA1TA2,NumberUpdateTrigger-Output_TC1TC2,NumberUpdateTrigger-Output_TD1TD2,Deadtimeconfig-Output_TA1TA2,RisingValue-Output_TA1TA2,FallingValue-Output_TA1TA2,Deadtimeconfig-Output_TC1TC2,RisingValue-Output_TC1TC2,FallingValue-Output_TC1TC2,Deadtimeconfig-Output_TD1TD2,RisingValue-Output_TD1TD2,FallingValue-Output_TD1TD2,NumberSetSource1-Output_TA1TA2,NumberResetSource1-Output_TA1TA2,CompareUnit1-Output_TA1TA2,SetOutput1_Source1-Output_TA1TA2,NumberResetSource2_TA,CompareUnit1-Output_TC1TC2,NumberSetSource1-Output_TC1TC2,NumberResetSource1-Output_TC1TC2,SetOutput1_Source1-Output_TC1TC2,CompareUnit1-Output_TD1TD2,NumberSetSource1-Output_TD1TD2,NumberResetSource1-Output_TD1TD2,SetOutput1_Source1-Output_TD1TD2,DeadTimeInsertion-Output_TA1TA2,DeadTimeInsertion-Output_TC1TC2,DeadTimeInsertion-Output_TD1TD2,PrescalerDead-Output_TA1TA2,PrescalerDead-Output_TC1TC2,PrescalerDead-Output_TD1TD2,rom_TA,rom_TC,rom_TD,ResetUpdate-Output_TD1TD2,SyncOptions,EnableCalibration,CompareUnit2-Output_TD1TD2,CompareUnit3-Output_TD1TD2,Periode_MASTER,PreloadEnable-MasterTimer,ResetUpdate-Output_TC1TC2,ResetUpdate-Output_TA1TA2,CompareUnit1-MasterTimer,CompareValue1-MasterTimer,ResetOutput1_Source1-Output_TA1TA2,ResetOutput1_Source1-Output_TC1TC2,ResetOutput1_Source1-Output_TD1TD2,CompareUnit2-MasterTimer,ModeTimeBase-Output_TA1TA2,NumberResetTrigger-Output_TA1TA2,ResetTrigger1-Output_TA1TA2,NumberResetTrigger-Output_TC1TC2,ResetTrigger1-Output_TC1TC2,NumberResetTrigger-Output_TD1TD2,ResetTrigger1-Output_TD1TD2,CompareValue1-Output_TD1TD2,CompareValue1-Output_TA1TA2,CompareValue1-Output_TC1TC2,Event_EEV1,NumberInterruptRequests_Master-MasterTimer,RepetitionUpdate-MasterTimer,RepetitionUpdate-Output_TA1TA2,RepetitionUpdate-Output_TC1TC2,RepetitionUpdate-Output_TD1TD2,NumberDMARequests_TA,DMARequests1-Output_TA1TA2,NumberDMARequests_TC,DMARequests1-Output_TC1TC2,NumberDMARequests_TD,DMARequests1-Output_TD1TD2,NumberInterruptRequests-Output_TA1TA2,DMASrcAddress-Output_TA1TA2,DMADstAddress-Output_TA1TA2,DMASize-Output_TA1TA2,DMASrcAddress-Output_TC1TC2,DMADstAddress-Output_TC1TC2,DMASize-Output_TC1TC2,DMASrcAddress-Output_TD1TD2,DMADstAddress-Output_TD1TD2,DMASize-Output_TD1TD2,BurstDMAconfig-Output_TA1TA2,BurstDMAconfig-Output_TC1TC2,BurstDMAconfig-Output_TD1TD2,Polarity1-Output_TD1TD2,Fault_Line1,ADCTrigger_Id1,ADCTrigger_Id2,NumberADCTriggerSource2,ADCTrigger2_Source1,Polarity_FaultLine3,Filter_FaultLine3,NumberFaultEnable-Output_TA1TA2,FaultEnable_Source1-Output_TA1TA2,NumberFaultEnable-Output_TC1TC2,FaultEnable_Source1-Output_TC1TC2,NumberFaultEnable-Output_TD1TD2,FaultEnable_Source1-Output_TD1TD2,FaultLevel1-Output_TD1TD2,FaultLevel2-Output_TD1TD2,FaultLevel2-Output_TC1TC2,FaultLevel1-Output_TC1TC2,FaultLevel1-Output_TA1TA2,FaultLevel2-Output_TA1TA2,CounterFaultLine3,BlankingSourceFaultLine3,PrescalerFault
HRTIM1.ModeTimeBase-Output_TA1TA2=HRTIM_MODE_CONTINUOUS
HRTIM1.NumberADCTriggerSource2=1
HRTIM1.NumberDMARequests_TA=1
HRTIM1.NumberDMARequests_TC=1
HRTIM1.NumberDMARequests_TD=1
HRTIM1.NumberFaultEnable-Output_TA1TA2=1
HRTIM1.NumberFaultEnable-Output_TC1TC2=1
HRTIM1.NumberFaultEnable-Output_TD1TD2=1
HRTIM1.NumberInterruptRequests-Output_TA1TA2=0
HRTIM1.NumberInterruptRequests_Master-MasterTimer=0
HRTIM1.NumberResetSource1-Output_TA1TA2=1
HRTIM1.NumberResetSource1-Output_TC1TC2=1
HRTIM1.NumberResetSource1-Output_TD1TD2=1
HRTIM1.NumberResetSource2_TA=0
HRTIM1.NumberResetTrigger-Output_TA1TA2=1
HRTIM1.NumberResetTrigger-Output_TC1TC2=1
HRTIM1.NumberResetTrigger-Output_TD1TD2=1
HRTIM1.NumberSetSource1-Output_TA1TA2=1
HRTIM1.NumberSetSource1-Output_TC1TC2=1
HRTIM1.NumberSetSource1-Output_TD1TD2=1
HRTIM1.NumberUpdateTrigger-Output_TA1TA2=0
HRTIM1.NumberUpdateTrigger-Output_TC1TC2=0
HRTIM1.NumberUpdateTrigger-Output_TD1TD2=0
HRTIM1.Periode_MASTER=8500
HRTIM1.Periode_TA=4250
HRTIM1.Periode_TC=4250
HRTIM1.Periode_TD=4250
HRTIM1.Polarity1-Output_TD1TD2=HRTIM_OUTPUTPOLARITY_HIGH
HRTIM1.Polarity2-Output_TA1TA2=HRTIM_OUTPUTPOLARITY_HIGH
HRTIM1.Polarity2-Output_TC1TC2=HRTIM_OUTPUTPOLARITY_HIGH
HRTIM1.Polarity2-Output_TD1TD2=HRTIM_OUTPUTPOLARITY_HIGH
HRTIM1.Polarity_FaultLine3=HRTIM_FAULTPOLARITY_LOW
HRTIM1.PreloadEnable-MasterTimer=HRTIM_PRELOAD_DISABLED
HRTIM1.PreloadEnable-Output_TA1TA2=HRTIM_PRELOAD_ENABLED
HRTIM1.PreloadEnable-Output_TC1TC2=HRTIM_PRELOAD_ENABLED
HRTIM1.PreloadEnable-Output_TD1TD2=HRTIM_PRELOAD_ENABLED
HRTIM1.PrescalerDead-Output_TA1TA2=HRTIM_TIMDEADTIME_PRESCALERRATIO_DIV1
HRTIM1.PrescalerDead-Output_TC1TC2=HRTIM_TIMDEADTIME_PRESCALERRATIO_DIV1
HRTIM1.PrescalerDead-Output_TD1TD2=HRTIM_TIMDEADTIME_PRESCALERRATIO_DIV1
HRTIM1.PrescalerFault=HRTIM_FAULTPRESCALER_DIV8
HRTIM1.PrescalerRatio_TA=HRTIM_PRESCALERRATIO_DIV1
HRTIM1.PrescalerRatio_TC=HRTIM_PRESCALERRATIO_DIV1
HRTIM1.PrescalerRatio_TD=HRTIM_PRESCALERRATIO_DIV1
HRTIM1.RepetitionUpdate-MasterTimer=HRTIM_UPDATEONREPETITION_DISABLED
HRTIM1.RepetitionUpdate-Output_TA1TA2=HRTIM_UPDATEONREPETITION_DISABLED
HRTIM1.RepetitionUpdate-Output_TC1TC2=HRTIM_UPDATEONREPETITION_DISABLED
HRTIM1.RepetitionUpdate-Output_TD1TD2=HRTIM_UPDATEONREPETITION_DISABLED
HRTIM1.ResetOutput1_Source1-Output_TA1TA2=HRTIM_OUTPUTRESET_TIMCMP1
HRTIM1.ResetOutput1_Source1-Output_TC1TC2=HRTIM_OUTPUTRESET_TIMCMP1
HRTIM1.ResetOutput1_Source1-Output_TD1TD2=HRTIM_OUTPUTRESET_TIMCMP1
HRTIM1.ResetTrigger1-Output_TA1TA2=HRTIM_TIMRESETTRIGGER_MASTER_PER
HRTIM1.ResetTrigger1-Output_TC1TC2=HRTIM_TIMRESETTRIGGER_MASTER_PER
HRTIM1.ResetTrigger1-Output_TD1TD2=HRTIM_TIMRESETTRIGGER_MASTER_PER
HRTIM1.ResetUpdate-Output_TA1TA2=HRTIM_TIMUPDATEONRESET_ENABLED
HRTIM1.ResetUpdate-Output_TC1TC2=HRTIM_TIMUPDATEONRESET_ENABLED
HRTIM1.ResetUpdate-Output_TD1TD2=HRTIM_TIMUPDATEONRESET_ENABLED
HRTIM1.RisingValue-Output_TA1TA2=200
HRTIM1.RisingValue-Output_TC1TC2=200
HRTIM1.RisingValue-Output_TD1TD2=200
HRTIM1.SetOutput1_Source1-Output_TA1TA2=HRTIM_OUTPUTSET_TIMCMP1
HRTIM1.SetOutput1_Source1-Output_TC1TC2=HRTIM_OUTPUTSET_TIMCMP1
HRTIM1.SetOutput1_Source1-Output_TD1TD2=HRTIM_OUTPUTSET_TIMCMP1
HRTIM1.SyncOptions=HRTIM_SYNCOPTION_NONE
HRTIM1.UpDownMode-Output_TA1TA2=HRTIM_TIMERUPDOWNMODE_UPDOWN
HRTIM1.UpDownMode-Output_TC1TC2=HRTIM_TIMERUPDOWNMODE_UPDOWN
HRTIM1.UpDownMode-Output_TD1TD2=HRTIM_TIMERUPDOWNMODE_UPDOWN
HRTIM1.rom_TA=HRTIM_TIM_ROM_VALLEY
HRTIM1.rom_TC=HRTIM_TIM_ROM_VALLEY
HRTIM1.rom_TD=HRTIM_TIM_ROM_VALLEY
KeepUserPlacement=false
Mcu.CPN=STM32G474RET6
Mcu.Family=STM32G4
Mcu.IP0=ADC1
Mcu.IP1=ADC2
Mcu.IP10=TIM6
Mcu.IP11=USART3
Mcu.IP12=NUCLEO-G474RE
Mcu.IP2=ADC3
Mcu.IP3=CORDIC
Mcu.IP4=DMA
Mcu.IP5=HRTIM1
Mcu.IP6=NVIC
Mcu.IP7=RCC
Mcu.IP8=SYS
Mcu.IP9=TIM2
Mcu.IPNb=13
Mcu.Name=STM32G474R(B-C-E)Tx
Mcu.Package=LQFP64
Mcu.Pin0=PC13
Mcu.Pin1=PC14-OSC32_IN
Mcu.Pin10=PB0
Mcu.Pin11=PB1
Mcu.Pin12=PB2
Mcu.Pin13=PB10
Mcu.Pin14=PB11
Mcu.Pin15=PB12
Mcu.Pin16=PB13
Mcu.Pin17=PB14
Mcu.Pin18=PB15
Mcu.Pin19=PA8
Mcu.Pin2=PF0-OSC_IN
Mcu.Pin20=PA9
Mcu.Pin21=PA10
Mcu.Pin22=PA11
Mcu.Pin23=PA12
Mcu.Pin24=PA13
Mcu.Pin25=PA14
Mcu.Pin26=PA15
Mcu.Pin27=PC10
Mcu.Pin28=PB3
Mcu.Pin29=PB5
Mcu.Pin3=PF1-OSC_OUT
Mcu.Pin30=PB6
Mcu.Pin31=PB7
Mcu.Pin32=VP_CORDIC_VS_CORDIC
Mcu.Pin33=VP_HRTIM1_VS_hrtimMasterTimerNoOutput
Mcu.Pin34=VP_SYS_VS_Systick
Mcu.Pin35=VP_SYS_VS_DBSignals
Mcu.Pin36=VP_TIM6_VS_ClockSourceINT
Mcu.Pin4=PA0
Mcu.Pin5=PA1
Mcu.Pin6=PA2
Mcu.Pin7=PA3
Mcu.Pin8=PA6
Mcu.Pin9=PA7
Mcu.PinsNb=37
Mcu.ThirdPartyNb=0
Mcu.UserConstants=
Mcu.UserName=STM32G474RETx
MxCube.Version=6.16.1
MxDb.Version=DB.6.0.161
NVIC.BusFault_IRQn=true\:0\:0\:false\:false\:true\:false\:false\:false
NVIC.DMA1_Channel1_IRQn=true\:0\:0\:false\:false\:true\:false\:true\:true
NVIC.DMA1_Channel2_IRQn=true\:0\:0\:false\:false\:true\:false\:true\:true
NVIC.DMA1_Channel3_IRQn=true\:0\:0\:false\:false\:true\:false\:true\:true
NVIC.DebugMonitor_IRQn=true\:0\:0\:false\:false\:true\:false\:false\:false
NVIC.ForceEnableDMAVector=true
NVIC.HRTIM1_Master_IRQn=true\:0\:0\:true\:false\:true\:true\:true\:true
NVIC.HardFault_IRQn=true\:0\:0\:false\:false\:true\:false\:false\:false
NVIC.MemoryManagement_IRQn=true\:0\:0\:false\:false\:true\:false\:false\:false
NVIC.NonMaskableInt_IRQn=true\:0\:0\:false\:false\:true\:false\:true\:false
NVIC.PendSV_IRQn=true\:0\:0\:false\:false\:true\:false\:false\:false
NVIC.PriorityGroup=NVIC_PRIORITYGROUP_4
NVIC.SVCall_IRQn=true\:0\:0\:false\:false\:true\:false\:false\:false
NVIC.SysTick_IRQn=true\:0\:0\:false\:false\:true\:false\:true\:false
NVIC.TIM6_DAC_IRQn=true\:0\:0\:false\:false\:true\:true\:true\:true
NVIC.USART3_IRQn=true\:3\:0\:true\:false\:true\:true\:true\:true
NVIC.UsageFault_IRQn=true\:0\:0\:false\:false\:true\:false\:false\:false
PA0.Signal=S_TIM2_CH1
PA1.Signal=S_TIM2_CH2
PA10.GPIOParameters=GPIO_Label
PA10.GPIO_Label=RELAY1
PA10.Locked=true
PA10.Signal=GPIO_Output
PA11.GPIOParameters=GPIO_Label
PA11.GPIO_Label=RELAY7
PA11.Locked=true
PA11.Signal=GPIO_Output
PA12.GPIOParameters=GPIO_Label
PA12.GPIO_Label=RELAY8
PA12.Locked=true
PA12.Signal=GPIO_Output
PA13.Mode=Serial_Wire
PA13.Signal=SYS_JTMS-SWDIO
PA14.Mode=Serial_Wire
PA14.Signal=SYS_JTCK-SWCLK
PA15.Locked=true
PA15.Signal=S_TIM2_ETR
PA2.Mode=IN3-Single-Ended
PA2.Signal=ADC1_IN3
PA3.Mode=IN4-Single-Ended
PA3.Signal=ADC1_IN4
PA6.Locked=true
PA6.Mode=IN3-Single-Ended
PA6.Signal=ADC2_IN3
PA7.Mode=IN4-Single-Ended
PA7.Signal=ADC2_IN4
PA8.Mode=Output_TA1TA2
PA8.Signal=HRTIM1_CHA1
PA9.Locked=true
PA9.Mode=Output_TA1TA2
PA9.Signal=HRTIM1_CHA2
PB0.Locked=true
PB0.Mode=IN12-Single-Ended
PB0.Signal=ADC3_IN12
PB1.GPIOParameters=GPIO_Label
PB1.GPIO_Label=RELAY4
PB1.Locked=true
PB1.Signal=GPIO_Output
PB10.GPIOParameters=GPIO_PuPd
PB10.GPIO_PuPd=GPIO_PULLUP
PB10.Locked=true
PB10.Mode=Fault_Enable3
PB10.Signal=HRTIM1_FLT3
PB11.Mode=Asynchronous
PB11.Signal=USART3_RX
PB12.Mode=Output_TC1TC2
PB12.Signal=HRTIM1_CHC1
PB13.Mode=Output_TC1TC2
PB13.Signal=HRTIM1_CHC2
PB14.Mode=Output_TD1TD2
PB14.Signal=HRTIM1_CHD1
PB15.Mode=Output_TD1TD2
PB15.Signal=HRTIM1_CHD2
PB2.GPIOParameters=GPIO_Label
PB2.GPIO_Label=RELAY5
PB2.Locked=true
PB2.Signal=GPIO_Output
PB3.GPIOParameters=GPIO_Label
PB3.GPIO_Label=RELAY2
PB3.Locked=true
PB3.Signal=GPIO_Output
PB5.GPIOParameters=GPIO_Label
PB5.GPIO_Label=RELAY3
PB5.Locked=true
PB5.Signal=GPIO_Output
PB6.GPIOParameters=GPIO_Label
PB6.GPIO_Label=RELAY6
PB6.Locked=true
PB6.Signal=GPIO_Output
PB7.GPIOParameters=GPIO_Label
PB7.GPIO_Label=RELAY11
PB7.Locked=true
PB7.Signal=GPIO_Output
PC10.Mode=Asynchronous
PC10.Signal=USART3_TX
PC13.GPIOParameters=GPIO_Label
PC13.GPIO_Label=RELAY10
PC13.Locked=true
PC13.Signal=GPIO_Output
PC14-OSC32_IN.GPIOParameters=GPIO_Label
PC14-OSC32_IN.GPIO_Label=RELAY9
PC14-OSC32_IN.Locked=true
PC14-OSC32_IN.Signal=GPIO_Output
PF0-OSC_IN.GPIOParameters=GPIO_Label
PF0-OSC_IN.GPIO_Label=RCC_OSC_IN
PF0-OSC_IN.Locked=true
PF0-OSC_IN.Mode=HSE-External-Oscillator
PF0-OSC_IN.Signal=RCC_OSC_IN
PF1-OSC_OUT.GPIOParameters=GPIO_Label
PF1-OSC_OUT.GPIO_Label=RCC_OSC_OUT
PF1-OSC_OUT.Locked=true
PF1-OSC_OUT.Mode=HSE-External-Oscillator
PF1-OSC_OUT.Signal=RCC_OSC_OUT
PinOutPanel.RotationAngle=0
ProjectManager.AskForMigrate=true
ProjectManager.BackupPrevious=false
ProjectManager.CompilerLinker=GCC
ProjectManager.CompilerOptimize=6
ProjectManager.ComputerToolchain=false
ProjectManager.CoupleFile=false
ProjectManager.CustomerFirmwarePackage=
ProjectManager.DefaultFWLocation=true
ProjectManager.DeletePrevious=true
ProjectManager.DeviceId=STM32G474RETx
ProjectManager.FirmwarePackage=STM32Cube FW_G4 V1.6.1
ProjectManager.FreePins=true
ProjectManager.FreePinsContext=
ProjectManager.HalAssertFull=true
ProjectManager.HeapSize=0x200
ProjectManager.KeepUserCode=true
ProjectManager.LastFirmware=false
ProjectManager.LibraryCopy=1
ProjectManager.MainLocation=Core/Src
ProjectManager.NoMain=false
ProjectManager.PreviousToolchain=
ProjectManager.ProjectBuild=false
ProjectManager.ProjectFileName=Induction-Machine-FOC.ioc
ProjectManager.ProjectName=Induction-Machine-FOC
ProjectManager.ProjectStructure=
ProjectManager.RegisterCallBack=
ProjectManager.StackSize=0x400
ProjectManager.TargetToolchain=CMake
ProjectManager.ToolChainLocation=
ProjectManager.UAScriptAfterPath=
ProjectManager.UAScriptBeforePath=
ProjectManager.UnderRoot=false
ProjectManager.functionlistsort=1-SystemClock_Config-RCC-false-HAL-false,2-MX_GPIO_Init-GPIO-false-HAL-true,3-MX_DMA_Init-DMA-false-HAL-true,4-MX_HRTIM1_Init-HRTIM1-false-HAL-true,5-MX_CORDIC_Init-CORDIC-false-HAL-true,6-MX_ADC3_Init-ADC3-false-HAL-true,7-MX_ADC1_Init-ADC1-false-HAL-true,8-MX_ADC2_Init-ADC2-false-HAL-true,9-MX_TIM2_Init-TIM2-false-HAL-true
RCC.ADC12Freq_Value=170000000
RCC.ADC345Freq_Value=170000000
RCC.AHBFreq_Value=170000000
RCC.APB1Freq_Value=170000000
RCC.APB1TimFreq_Value=170000000
RCC.APB2Freq_Value=170000000
RCC.APB2TimFreq_Value=170000000
RCC.CRSFreq_Value=48000000
RCC.CortexFreq_Value=170000000
RCC.EXTERNAL_CLOCK_VALUE=12288000
RCC.EnbaleCSS=true
RCC.FCLKCortexFreq_Value=170000000
RCC.FDCANFreq_Value=170000000
RCC.FamilyName=M
RCC.HCLKFreq_Value=170000000
RCC.HSE_VALUE=24000000
RCC.HSI48_VALUE=48000000
RCC.HSI_VALUE=16000000
RCC.I2C1Freq_Value=170000000
RCC.I2C2Freq_Value=170000000
RCC.I2C3Freq_Value=170000000
RCC.I2C4Freq_Value=170000000
RCC.I2SFreq_Value=170000000
RCC.IPParameters=ADC12Freq_Value,ADC345Freq_Value,AHBFreq_Value,APB1Freq_Value,APB1TimFreq_Value,APB2Freq_Value,APB2TimFreq_Value,CRSFreq_Value,CortexFreq_Value,EXTERNAL_CLOCK_VALUE,EnbaleCSS,FCLKCortexFreq_Value,FDCANFreq_Value,FamilyName,HCLKFreq_Value,HSE_VALUE,HSI48_VALUE,HSI_VALUE,I2C1Freq_Value,I2C2Freq_Value,I2C3Freq_Value,I2C4Freq_Value,I2SFreq_Value,LPTIM1Freq_Value,LPUART1Freq_Value,LSCOPinFreq_Value,LSE_VALUE,LSI_VALUE,MCO1PinFreq_Value,PLLM,PLLN,PLLPoutputFreq_Value,PLLQoutputFreq_Value,PLLRCLKFreq_Value,PLLSourceVirtual,PWRFreq_Value,QSPIFreq_Value,RNGFreq_Value,RTCClockSelection,RTCFreq_Value,SAI1Freq_Value,SYSCLKFreq_VALUE,SYSCLKSource,UART4Freq_Value,UART5Freq_Value,USART1Freq_Value,USART2Freq_Value,USART3Freq_Value,USBFreq_Value,VCOInputFreq_Value,VCOOutputFreq_Value
RCC.LPTIM1Freq_Value=170000000
RCC.LPUART1Freq_Value=170000000
RCC.LSCOPinFreq_Value=32000
RCC.LSE_VALUE=32768
RCC.LSI_VALUE=32000
RCC.MCO1PinFreq_Value=16000000
RCC.PLLM=RCC_PLLM_DIV6
RCC.PLLN=85
RCC.PLLPoutputFreq_Value=170000000
RCC.PLLQoutputFreq_Value=170000000
RCC.PLLRCLKFreq_Value=170000000
RCC.PLLSourceVirtual=RCC_PLLSOURCE_HSE
RCC.PWRFreq_Value=170000000
RCC.QSPIFreq_Value=170000000
RCC.RNGFreq_Value=170000000
RCC.RTCClockSelection=RCC_RTCCLKSOURCE_LSE
RCC.RTCFreq_Value=32768
RCC.SAI1Freq_Value=170000000
RCC.SYSCLKFreq_VALUE=170000000
RCC.SYSCLKSource=RCC_SYSCLKSOURCE_PLLCLK
RCC.UART4Freq_Value=170000000
RCC.UART5Freq_Value=170000000
RCC.USART1Freq_Value=170000000
RCC.USART2Freq_Value=170000000
RCC.USART3Freq_Value=170000000
RCC.USBFreq_Value=170000000
RCC.VCOInputFreq_Value=4000000
RCC.VCOOutputFreq_Value=340000000
SH.S_TIM2_CH1.0=TIM2_CH1,Encoder_Interface_w_index
SH.S_TIM2_CH1.ConfNb=1
SH.S_TIM2_CH2.0=TIM2_CH2,Encoder_Interface_w_index
SH.S_TIM2_CH2.ConfNb=1
SH.S_TIM2_ETR.0=TIM2_ETR,Encoder_Interface_w_index
SH.S_TIM2_ETR.ConfNb=1
TIM2.EncoderMode=TIM_ENCODERMODE_TI12
TIM2.FirstIndexEnable=DISABLE
TIM2.IC1Filter=15
TIM2.IC1Polarity=TIM_ICPOLARITY_FALLING
TIM2.IC2Filter=15
TIM2.IC2Polarity=TIM_ICPOLARITY_FALLING
TIM2.IPParameters=PeriodNoDither,EncoderMode,IndexFilter,FirstIndexEnable,IC1Polarity,IC2Polarity,IC1Filter,IC2Filter
TIM2.IndexFilter=15
TIM2.PeriodNoDither=65535
TIM6.IPParameters=Prescaler,PeriodNoDither
TIM6.PeriodNoDither=1000-1
TIM6.Prescaler=170-1
USART3.IPParameters=VirtualMode-Asynchronous
USART3.VirtualMode-Asynchronous=VM_ASYNC
VP_CORDIC_VS_CORDIC.Mode=CORDIC_Activate
VP_CORDIC_VS_CORDIC.Signal=CORDIC_VS_CORDIC
VP_HRTIM1_VS_hrtimMasterTimerNoOutput.Mode=MasterTimer
VP_HRTIM1_VS_hrtimMasterTimerNoOutput.Signal=HRTIM1_VS_hrtimMasterTimerNoOutput
VP_SYS_VS_DBSignals.Mode=DisableDeadBatterySignals
VP_SYS_VS_DBSignals.Signal=SYS_VS_DBSignals
VP_SYS_VS_Systick.Mode=SysTick
VP_SYS_VS_Systick.Signal=SYS_VS_Systick
VP_TIM6_VS_ClockSourceINT.Mode=Enable_Timer
VP_TIM6_VS_ClockSourceINT.Signal=TIM6_VS_ClockSourceINT
board=NUCLEO-G474RE
boardIOC=true
